
Microsoft Visual Studio Solution File, Format Version 12.00
# Visual Studio 14
VisualStudioVersion = 14.0.24720.0
MinimumVisualStudioVersion = 10.0.40219.1
Project("{FAE04EC0-301F-11D3-BF4B-00C04F79EFBC}") = "FileReader", "FileReader\FileReader.csproj", "{206087D1-A5C2-4AEE-91C8-B42A6B6DAC13}"
EndProject
Project("{2150E333-8FDC-42A3-9474-1A3956D46DE8}") = "Solution Items", "Solution Items", "{F8E8364C-0428-4EE2-894C-4A44FB2BA89B}"
	ProjectSection(SolutionItems) = preProject
		songs.txt = songs.txt
	EndProjectSection
EndProject
Global
	GlobalSection(SolutionConfigurationPlatforms) = preSolution
		Debug|Any CPU = Debug|Any CPU
		Release|Any CPU = Release|Any CPU
	EndGlobalSection
	GlobalSection(ProjectConfigurationPlatforms) = postSolution
		{206087D1-A5C2-4AEE-91C8-B42A6B6DAC13}.Debug|Any CPU.ActiveCfg = Debug|Any CPU
		{206087D1-A5C2-4AEE-91C8-B42A6B6DAC13}.Debug|Any CPU.Build.0 = Debug|Any CPU
		{206087D1-A5C2-4AEE-91C8-B42A6B6DAC13}.Release|Any CPU.ActiveCfg = Release|Any CPU
		{206087D1-A5C2-4AEE-91C8-B42A6B6DAC13}.Release|Any CPU.Build.0 = Release|Any CPU
	EndGlobalSection
	GlobalSection(SolutionProperties) = preSolution
		HideSolutionNode = FALSE
	EndGlobalSection
EndGlobal
